
Microsoft Visual Studio Solution File, Format Version 12.00
# Visual Studio Version 17
VisualStudioVersion = 17.1.32228.430
MinimumVisualStudioVersion = 10.0.40219.1
Project("{FAE04EC0-301F-11D3-BF4B-00C04F79EFBC}") = "MathParser", "MathParser\MathParser.csproj", "{FD132B53-C34C-4318-BD7E-B49D90CEE258}"
EndProject
Global
	GlobalSection(SolutionConfigurationPlatforms) = preSolution
		Debug|Any CPU = Debug|Any CPU
		Release|Any CPU = Release|Any CPU
	EndGlobalSection
	GlobalSection(ProjectConfigurationPlatforms) = postSolution
		{FD132B53-C34C-4318-BD7E-B49D90CEE258}.Debug|Any CPU.ActiveCfg = Debug|Any CPU
		{FD132B53-C34C-4318-BD7E-B49D90CEE258}.Debug|Any CPU.Build.0 = Debug|Any CPU
		{FD132B53-C34C-4318-BD7E-B49D90CEE258}.Release|Any CPU.ActiveCfg = Release|Any CPU
		{FD132B53-C34C-4318-BD7E-B49D90CEE258}.Release|Any CPU.Build.0 = Release|Any CPU
	EndGlobalSection
	GlobalSection(SolutionProperties) = preSolution
		HideSolutionNode = FALSE
	EndGlobalSection
	GlobalSection(ExtensibilityGlobals) = postSolution
		SolutionGuid = {F21ED1FF-87FA-4CB5-85FD-86777EEF9DF1}
	EndGlobalSection
EndGlobal
